
Microsoft Visual Studio Solution File, Format Version 12.00
# Visual Studio Version 17
VisualStudioVersion = 17.0.32126.317
MinimumVisualStudioVersion = 10.0.40219.1
Project("{FAE04EC0-301F-11D3-BF4B-00C04F79EFBC}") = "Reverse", "Reverse\Reverse.csproj", "{C19BE3E0-81F1-4D1B-AE8B-AC08C15AC514}"
EndProject
Global
	GlobalSection(SolutionConfigurationPlatforms) = preSolution
		Debug|Any CPU = Debug|Any CPU
		Release|Any CPU = Release|Any CPU
	EndGlobalSection
	GlobalSection(ProjectConfigurationPlatforms) = postSolution
		{C19BE3E0-81F1-4D1B-AE8B-AC08C15AC514}.Debug|Any CPU.ActiveCfg = Debug|Any CPU
		{C19BE3E0-81F1-4D1B-AE8B-AC08C15AC514}.Debug|Any CPU.Build.0 = Debug|Any CPU
		{C19BE3E0-81F1-4D1B-AE8B-AC08C15AC514}.Release|Any CPU.ActiveCfg = Release|Any CPU
		{C19BE3E0-81F1-4D1B-AE8B-AC08C15AC514}.Release|Any CPU.Build.0 = Release|Any CPU
	EndGlobalSection
	GlobalSection(SolutionProperties) = preSolution
		HideSolutionNode = FALSE
	EndGlobalSection
	GlobalSection(ExtensibilityGlobals) = postSolution
		SolutionGuid = {E2A31A03-8659-446A-94A1-353E1178468B}
	EndGlobalSection
EndGlobal
