
Microsoft Visual Studio Solution File, Format Version 12.00
# Visual Studio Version 17
VisualStudioVersion = 17.0.32126.317
MinimumVisualStudioVersion = 10.0.40219.1
Project("{FAE04EC0-301F-11D3-BF4B-00C04F79EFBC}") = "RandomNumber", "RandomNumber\RandomNumber.csproj", "{1C1F99B9-8487-402E-9B90-6C9435859B5D}"
EndProject
Global
	GlobalSection(SolutionConfigurationPlatforms) = preSolution
		Debug|Any CPU = Debug|Any CPU
		Release|Any CPU = Release|Any CPU
	EndGlobalSection
	GlobalSection(ProjectConfigurationPlatforms) = postSolution
		{1C1F99B9-8487-402E-9B90-6C9435859B5D}.Debug|Any CPU.ActiveCfg = Debug|Any CPU
		{1C1F99B9-8487-402E-9B90-6C9435859B5D}.Debug|Any CPU.Build.0 = Debug|Any CPU
		{1C1F99B9-8487-402E-9B90-6C9435859B5D}.Release|Any CPU.ActiveCfg = Release|Any CPU
		{1C1F99B9-8487-402E-9B90-6C9435859B5D}.Release|Any CPU.Build.0 = Release|Any CPU
	EndGlobalSection
	GlobalSection(SolutionProperties) = preSolution
		HideSolutionNode = FALSE
	EndGlobalSection
	GlobalSection(ExtensibilityGlobals) = postSolution
		SolutionGuid = {1F8CC1F8-79E9-47E8-BCFC-40F0932EDA97}
	EndGlobalSection
EndGlobal
